// !$*UTF8*$!
{
	archiveVersion = 1;
	classes = {
	};
	objectVersion = 46;
	objects = {

/* Begin PBXBuildFile section */
		93B72ECC1BC07E24001F5870 /* main.cpp in Sources */ = {isa = PBXBuildFile; fileRef = 93B72ECB1BC07E24001F5870 /* main.cpp */; };
		93B72EF61BC08222001F5870 /* main.cpp in Sources */ = {isa = PBXBuildFile; fileRef = 93B72EF51BC08222001F5870 /* main.cpp */; };
		93B72EFC1BC082DC001F5870 /* GCPointerTest.cpp in Sources */ = {isa = PBXBuildFile; fileRef = 93B72ED21BC07E8F001F5870 /* GCPointerTest.cpp */; };
		93B72F381BC08BCB001F5870 /* gmock-all.cc in Sources */ = {isa = PBXBuildFile; fileRef = 93B72F2A1BC08A9C001F5870 /* gmock-all.cc */; };
		93B72F441BC08D2A001F5870 /* gtest-all.cc in Sources */ = {isa = PBXBuildFile; fileRef = 93B72F3A1BC08D2A001F5870 /* gtest-all.cc */; };
		93B72F4E1BC310F6001F5870 /* MultimapTest.cpp in Sources */ = {isa = PBXBuildFile; fileRef = 93B72F4D1BC310F6001F5870 /* MultimapTest.cpp */; };
/* End PBXBuildFile section */

/* Begin PBXCopyFilesBuildPhase section */
		93B72EC61BC07E24001F5870 /* CopyFiles */ = {
			isa = PBXCopyFilesBuildPhase;
			buildActionMask = 2147483647;
			dstPath = /usr/share/man/man1/;
			dstSubfolderSpec = 0;
			files = (
			);
			runOnlyForDeploymentPostprocessing = 1;
		};
		93B72EF11BC08222001F5870 /* CopyFiles */ = {
			isa = PBXCopyFilesBuildPhase;
			buildActionMask = 2147483647;
			dstPath = /usr/share/man/man1/;
			dstSubfolderSpec = 0;
			files = (
			);
			runOnlyForDeploymentPostprocessing = 1;
		};
/* End PBXCopyFilesBuildPhase section */

/* Begin PBXFileReference section */
		93B72EC81BC07E24001F5870 /* GCPointer */ = {isa = PBXFileReference; explicitFileType = "compiled.mach-o.executable"; includeInIndex = 0; path = GCPointer; sourceTree = BUILT_PRODUCTS_DIR; };
		93B72ECB1BC07E24001F5870 /* main.cpp */ = {isa = PBXFileReference; lastKnownFileType = sourcecode.cpp.cpp; path = main.cpp; sourceTree = "<group>"; };
		93B72ED21BC07E8F001F5870 /* GCPointerTest.cpp */ = {isa = PBXFileReference; fileEncoding = 4; lastKnownFileType = sourcecode.cpp.cpp; name = GCPointerTest.cpp; path = ../GCPointer/test/GCPointerTest.cpp; sourceTree = "<group>"; };
		93B72ED41BC07EC4001F5870 /* GCPointer.h */ = {isa = PBXFileReference; lastKnownFileType = sourcecode.c.h; name = GCPointer.h; path = src/GCPointer.h; sourceTree = "<group>"; };
		93B72EF31BC08222001F5870 /* Tests */ = {isa = PBXFileReference; explicitFileType = "compiled.mach-o.executable"; includeInIndex = 0; path = Tests; sourceTree = BUILT_PRODUCTS_DIR; };
		93B72EF51BC08222001F5870 /* main.cpp */ = {isa = PBXFileReference; lastKnownFileType = sourcecode.cpp.cpp; path = main.cpp; sourceTree = "<group>"; };
		93B72F291BC08A9C001F5870 /* gmock_main.cc */ = {isa = PBXFileReference; fileEncoding = 4; lastKnownFileType = sourcecode.cpp.cpp; name = gmock_main.cc; path = libs/gmock/src/gmock_main.cc; sourceTree = "<group>"; };
		93B72F2A1BC08A9C001F5870 /* gmock-all.cc */ = {isa = PBXFileReference; fileEncoding = 4; lastKnownFileType = sourcecode.cpp.cpp; name = "gmock-all.cc"; path = "libs/gmock/src/gmock-all.cc"; sourceTree = "<group>"; };
		93B72F2B1BC08A9C001F5870 /* gmock-cardinalities.cc */ = {isa = PBXFileReference; fileEncoding = 4; lastKnownFileType = sourcecode.cpp.cpp; name = "gmock-cardinalities.cc"; path = "libs/gmock/src/gmock-cardinalities.cc"; sourceTree = "<group>"; };
		93B72F2C1BC08A9C001F5870 /* gmock-internal-utils.cc */ = {isa = PBXFileReference; fileEncoding = 4; lastKnownFileType = sourcecode.cpp.cpp; name = "gmock-internal-utils.cc"; path = "libs/gmock/src/gmock-internal-utils.cc"; sourceTree = "<group>"; };
		93B72F2D1BC08A9C001F5870 /* gmock-matchers.cc */ = {isa = PBXFileReference; fileEncoding = 4; lastKnownFileType = sourcecode.cpp.cpp; name = "gmock-matchers.cc"; path = "libs/gmock/src/gmock-matchers.cc"; sourceTree = "<group>"; };
		93B72F2E1BC08A9C001F5870 /* gmock-spec-builders.cc */ = {isa = PBXFileReference; fileEncoding = 4; lastKnownFileType = sourcecode.cpp.cpp; name = "gmock-spec-builders.cc"; path = "libs/gmock/src/gmock-spec-builders.cc"; sourceTree = "<group>"; };
		93B72F2F1BC08A9C001F5870 /* gmock.cc */ = {isa = PBXFileReference; fileEncoding = 4; lastKnownFileType = sourcecode.cpp.cpp; name = gmock.cc; path = libs/gmock/src/gmock.cc; sourceTree = "<group>"; };
		93B72F391BC08D2A001F5870 /* gtest_main.cc */ = {isa = PBXFileReference; fileEncoding = 4; lastKnownFileType = sourcecode.cpp.cpp; name = gtest_main.cc; path = libs/gtest/src/gtest_main.cc; sourceTree = "<group>"; };
		93B72F3A1BC08D2A001F5870 /* gtest-all.cc */ = {isa = PBXFileReference; fileEncoding = 4; lastKnownFileType = sourcecode.cpp.cpp; name = "gtest-all.cc"; path = "libs/gtest/src/gtest-all.cc"; sourceTree = "<group>"; };
		93B72F3B1BC08D2A001F5870 /* gtest-death-test.cc */ = {isa = PBXFileReference; fileEncoding = 4; lastKnownFileType = sourcecode.cpp.cpp; name = "gtest-death-test.cc"; path = "libs/gtest/src/gtest-death-test.cc"; sourceTree = "<group>"; };
		93B72F3C1BC08D2A001F5870 /* gtest-filepath.cc */ = {isa = PBXFileReference; fileEncoding = 4; lastKnownFileType = sourcecode.cpp.cpp; name = "gtest-filepath.cc"; path = "libs/gtest/src/gtest-filepath.cc"; sourceTree = "<group>"; };
		93B72F3D1BC08D2A001F5870 /* gtest-internal-inl.h */ = {isa = PBXFileReference; fileEncoding = 4; lastKnownFileType = sourcecode.c.h; name = "gtest-internal-inl.h"; path = "libs/gtest/src/gtest-internal-inl.h"; sourceTree = "<group>"; };
		93B72F3E1BC08D2A001F5870 /* gtest-port.cc */ = {isa = PBXFileReference; fileEncoding = 4; lastKnownFileType = sourcecode.cpp.cpp; name = "gtest-port.cc"; path = "libs/gtest/src/gtest-port.cc"; sourceTree = "<group>"; };
		93B72F3F1BC08D2A001F5870 /* gtest-printers.cc */ = {isa = PBXFileReference; fileEncoding = 4; lastKnownFileType = sourcecode.cpp.cpp; name = "gtest-printers.cc"; path = "libs/gtest/src/gtest-printers.cc"; sourceTree = "<group>"; };
		93B72F401BC08D2A001F5870 /* gtest-test-part.cc */ = {isa = PBXFileReference; fileEncoding = 4; lastKnownFileType = sourcecode.cpp.cpp; name = "gtest-test-part.cc"; path = "libs/gtest/src/gtest-test-part.cc"; sourceTree = "<group>"; };
		93B72F411BC08D2A001F5870 /* gtest-typed-test.cc */ = {isa = PBXFileReference; fileEncoding = 4; lastKnownFileType = sourcecode.cpp.cpp; name = "gtest-typed-test.cc"; path = "libs/gtest/src/gtest-typed-test.cc"; sourceTree = "<group>"; };
		93B72F421BC08D2A001F5870 /* gtest.cc */ = {isa = PBXFileReference; fileEncoding = 4; lastKnownFileType = sourcecode.cpp.cpp; name = gtest.cc; path = libs/gtest/src/gtest.cc; sourceTree = "<group>"; };
		93B72F4D1BC310F6001F5870 /* MultimapTest.cpp */ = {isa = PBXFileReference; fileEncoding = 4; lastKnownFileType = sourcecode.cpp.cpp; name = MultimapTest.cpp; path = GCPointer/test/MultimapTest.cpp; sourceTree = SOURCE_ROOT; };
		93B72F4F1BC31996001F5870 /* Containers.h */ = {isa = PBXFileReference; lastKnownFileType = sourcecode.c.h; path = Containers.h; sourceTree = "<group>"; };
/* End PBXFileReference section */

/* Begin PBXFrameworksBuildPhase section */
		93B72EC51BC07E24001F5870 /* Frameworks */ = {
			isa = PBXFrameworksBuildPhase;
			buildActionMask = 2147483647;
			files = (
			);
			runOnlyForDeploymentPostprocessing = 0;
		};
		93B72EF01BC08222001F5870 /* Frameworks */ = {
			isa = PBXFrameworksBuildPhase;
			buildActionMask = 2147483647;
			files = (
			);
			runOnlyForDeploymentPostprocessing = 0;
		};
/* End PBXFrameworksBuildPhase section */

/* Begin PBXGroup section */
		93B72EBF1BC07E24001F5870 = {
			isa = PBXGroup;
			children = (
				93B72ECA1BC07E24001F5870 /* GCPointer */,
				93B72EF41BC08222001F5870 /* Tests */,
				93B72EC91BC07E24001F5870 /* Products */,
			);
			sourceTree = "<group>";
		};
		93B72EC91BC07E24001F5870 /* Products */ = {
			isa = PBXGroup;
			children = (
				93B72EC81BC07E24001F5870 /* GCPointer */,
				93B72EF31BC08222001F5870 /* Tests */,
			);
			name = Products;
			sourceTree = "<group>";
		};
		93B72ECA1BC07E24001F5870 /* GCPointer */ = {
			isa = PBXGroup;
			children = (
				93B72ECB1BC07E24001F5870 /* main.cpp */,
				93B72ED41BC07EC4001F5870 /* GCPointer.h */,
				93B72F4F1BC31996001F5870 /* Containers.h */,
			);
			path = GCPointer;
			sourceTree = "<group>";
		};
		93B72EF41BC08222001F5870 /* Tests */ = {
			isa = PBXGroup;
			children = (
				93B72F4C1BC08D3F001F5870 /* GTest */,
				93B72F371BC08AA3001F5870 /* GMock */,
				93B72ED21BC07E8F001F5870 /* GCPointerTest.cpp */,
				93B72EF51BC08222001F5870 /* main.cpp */,
				93B72F4D1BC310F6001F5870 /* MultimapTest.cpp */,
			);
			path = Tests;
			sourceTree = "<group>";
		};
		93B72F371BC08AA3001F5870 /* GMock */ = {
			isa = PBXGroup;
			children = (
				93B72F291BC08A9C001F5870 /* gmock_main.cc */,
				93B72F2A1BC08A9C001F5870 /* gmock-all.cc */,
				93B72F2B1BC08A9C001F5870 /* gmock-cardinalities.cc */,
				93B72F2C1BC08A9C001F5870 /* gmock-internal-utils.cc */,
				93B72F2D1BC08A9C001F5870 /* gmock-matchers.cc */,
				93B72F2E1BC08A9C001F5870 /* gmock-spec-builders.cc */,
				93B72F2F1BC08A9C001F5870 /* gmock.cc */,
			);
			name = GMock;
			sourceTree = "<group>";
		};
		93B72F4C1BC08D3F001F5870 /* GTest */ = {
			isa = PBXGroup;
			children = (
				93B72F391BC08D2A001F5870 /* gtest_main.cc */,
				93B72F3A1BC08D2A001F5870 /* gtest-all.cc */,
				93B72F3B1BC08D2A001F5870 /* gtest-death-test.cc */,
				93B72F3C1BC08D2A001F5870 /* gtest-filepath.cc */,
				93B72F3D1BC08D2A001F5870 /* gtest-internal-inl.h */,
				93B72F3E1BC08D2A001F5870 /* gtest-port.cc */,
				93B72F3F1BC08D2A001F5870 /* gtest-printers.cc */,
				93B72F401BC08D2A001F5870 /* gtest-test-part.cc */,
				93B72F411BC08D2A001F5870 /* gtest-typed-test.cc */,
				93B72F421BC08D2A001F5870 /* gtest.cc */,
			);
			name = GTest;
			sourceTree = "<group>";
		};
/* End PBXGroup section */

/* Begin PBXNativeTarget section */
		93B72EC71BC07E24001F5870 /* GCPointer */ = {
			isa = PBXNativeTarget;
			buildConfigurationList = 93B72ECF1BC07E24001F5870 /* Build configuration list for PBXNativeTarget "GCPointer" */;
			buildPhases = (
				93B72EC41BC07E24001F5870 /* Sources */,
				93B72EC51BC07E24001F5870 /* Frameworks */,
				93B72EC61BC07E24001F5870 /* CopyFiles */,
			);
			buildRules = (
			);
			dependencies = (
			);
			name = GCPointer;
			productName = GCPointer;
			productReference = 93B72EC81BC07E24001F5870 /* GCPointer */;
			productType = "com.apple.product-type.tool";
		};
		93B72EF21BC08222001F5870 /* Tests */ = {
			isa = PBXNativeTarget;
			buildConfigurationList = 93B72EF71BC08222001F5870 /* Build configuration list for PBXNativeTarget "Tests" */;
			buildPhases = (
				93B72EEF1BC08222001F5870 /* Sources */,
				93B72EF01BC08222001F5870 /* Frameworks */,
				93B72EF11BC08222001F5870 /* CopyFiles */,
			);
			buildRules = (
			);
			dependencies = (
			);
			name = Tests;
			productName = Tests;
			productReference = 93B72EF31BC08222001F5870 /* Tests */;
			productType = "com.apple.product-type.tool";
		};
/* End PBXNativeTarget section */

/* Begin PBXProject section */
		93B72EC01BC07E24001F5870 /* Project object */ = {
			isa = PBXProject;
			attributes = {
				LastUpgradeCheck = 0640;
				ORGANIZATIONNAME = "Dan Borthwick";
				TargetAttributes = {
					93B72EC71BC07E24001F5870 = {
						CreatedOnToolsVersion = 6.4;
					};
					93B72EF21BC08222001F5870 = {
						CreatedOnToolsVersion = 6.4;
					};
				};
			};
			buildConfigurationList = 93B72EC31BC07E24001F5870 /* Build configuration list for PBXProject "GCPointer" */;
			compatibilityVersion = "Xcode 3.2";
			developmentRegion = English;
			hasScannedForEncodings = 0;
			knownRegions = (
				en,
			);
			mainGroup = 93B72EBF1BC07E24001F5870;
			productRefGroup = 93B72EC91BC07E24001F5870 /* Products */;
			projectDirPath = "";
			projectRoot = "";
			targets = (
				93B72EC71BC07E24001F5870 /* GCPointer */,
				93B72EF21BC08222001F5870 /* Tests */,
			);
		};
/* End PBXProject section */

/* Begin PBXSourcesBuildPhase section */
		93B72EC41BC07E24001F5870 /* Sources */ = {
			isa = PBXSourcesBuildPhase;
			buildActionMask = 2147483647;
			files = (
				93B72ECC1BC07E24001F5870 /* main.cpp in Sources */,
			);
			runOnlyForDeploymentPostprocessing = 0;
		};
		93B72EEF1BC08222001F5870 /* Sources */ = {
			isa = PBXSourcesBuildPhase;
			buildActionMask = 2147483647;
			files = (
				93B72F441BC08D2A001F5870 /* gtest-all.cc in Sources */,
				93B72EF61BC08222001F5870 /* main.cpp in Sources */,
				93B72F381BC08BCB001F5870 /* gmock-all.cc in Sources */,
				93B72EFC1BC082DC001F5870 /* GCPointerTest.cpp in Sources */,
				93B72F4E1BC310F6001F5870 /* MultimapTest.cpp in Sources */,
			);
			runOnlyForDeploymentPostprocessing = 0;
		};
/* End PBXSourcesBuildPhase section */

/* Begin XCBuildConfiguration section */
		93B72ECD1BC07E24001F5870 /* Debug */ = {
			isa = XCBuildConfiguration;
			buildSettings = {
				ALWAYS_SEARCH_USER_PATHS = NO;
				CLANG_CXX_LANGUAGE_STANDARD = "gnu++0x";
				CLANG_CXX_LIBRARY = "libc++";
				CLANG_ENABLE_MODULES = YES;
				CLANG_ENABLE_OBJC_ARC = YES;
				CLANG_WARN_BOOL_CONVERSION = YES;
				CLANG_WARN_CONSTANT_CONVERSION = YES;
				CLANG_WARN_DIRECT_OBJC_ISA_USAGE = YES_ERROR;
				CLANG_WARN_EMPTY_BODY = YES;
				CLANG_WARN_ENUM_CONVERSION = YES;
				CLANG_WARN_INT_CONVERSION = YES;
				CLANG_WARN_OBJC_ROOT_CLASS = YES_ERROR;
				CLANG_WARN_UNREACHABLE_CODE = YES;
				CLANG_WARN__DUPLICATE_METHOD_MATCH = YES;
				COPY_PHASE_STRIP = NO;
				DEBUG_INFORMATION_FORMAT = dwarf;
				ENABLE_STRICT_OBJC_MSGSEND = YES;
				GCC_C_LANGUAGE_STANDARD = gnu99;
				GCC_DYNAMIC_NO_PIC = NO;
				GCC_NO_COMMON_BLOCKS = YES;
				GCC_OPTIMIZATION_LEVEL = 0;
				GCC_PREPROCESSOR_DEFINITIONS = (
					"DEBUG=1",
					"$(inherited)",
				);
				GCC_SYMBOLS_PRIVATE_EXTERN = NO;
				GCC_WARN_64_TO_32_BIT_CONVERSION = YES;
				GCC_WARN_ABOUT_RETURN_TYPE = YES_ERROR;
				GCC_WARN_UNDECLARED_SELECTOR = YES;
				GCC_WARN_UNINITIALIZED_AUTOS = YES_AGGRESSIVE;
				GCC_WARN_UNUSED_FUNCTION = YES;
				GCC_WARN_UNUSED_VARIABLE = YES;
				MACOSX_DEPLOYMENT_TARGET = 10.10;
				MTL_ENABLE_DEBUG_INFO = YES;
				ONLY_ACTIVE_ARCH = YES;
				SDKROOT = macosx;
			};
			name = Debug;
		};
		93B72ECE1BC07E24001F5870 /* Release */ = {
			isa = XCBuildConfiguration;
			buildSettings = {
				ALWAYS_SEARCH_USER_PATHS = NO;
				CLANG_CXX_LANGUAGE_STANDARD = "gnu++0x";
				CLANG_CXX_LIBRARY = "libc++";
				CLANG_ENABLE_MODULES = YES;
				CLANG_ENABLE_OBJC_ARC = YES;
				CLANG_WARN_BOOL_CONVERSION = YES;
				CLANG_WARN_CONSTANT_CONVERSION = YES;
				CLANG_WARN_DIRECT_OBJC_ISA_USAGE = YES_ERROR;
				CLANG_WARN_EMPTY_BODY = YES;
				CLANG_WARN_ENUM_CONVERSION = YES;
				CLANG_WARN_INT_CONVERSION = YES;
				CLANG_WARN_OBJC_ROOT_CLASS = YES_ERROR;
				CLANG_WARN_UNREACHABLE_CODE = YES;
				CLANG_WARN__DUPLICATE_METHOD_MATCH = YES;
				COPY_PHASE_STRIP = NO;
				DEBUG_INFORMATION_FORMAT = "dwarf-with-dsym";
				ENABLE_NS_ASSERTIONS = NO;
				ENABLE_STRICT_OBJC_MSGSEND = YES;
				GCC_C_LANGUAGE_STANDARD = gnu99;
				GCC_NO_COMMON_BLOCKS = YES;
				GCC_WARN_64_TO_32_BIT_CONVERSION = YES;
				GCC_WARN_ABOUT_RETURN_TYPE = YES_ERROR;
				GCC_WARN_UNDECLARED_SELECTOR = YES;
				GCC_WARN_UNINITIALIZED_AUTOS = YES_AGGRESSIVE;
				GCC_WARN_UNUSED_FUNCTION = YES;
				GCC_WARN_UNUSED_VARIABLE = YES;
				MACOSX_DEPLOYMENT_TARGET = 10.10;
				MTL_ENABLE_DEBUG_INFO = NO;
				SDKROOT = macosx;
			};
			name = Release;
		};
		93B72ED01BC07E24001F5870 /* Debug */ = {
			isa = XCBuildConfiguration;
			buildSettings = {
				PRODUCT_NAME = "$(TARGET_NAME)";
			};
			name = Debug;
		};
		93B72ED11BC07E24001F5870 /* Release */ = {
			isa = XCBuildConfiguration;
			buildSettings = {
				PRODUCT_NAME = "$(TARGET_NAME)";
			};
			name = Release;
		};
		93B72EF81BC08222001F5870 /* Debug */ = {
			isa = XCBuildConfiguration;
			buildSettings = {
				FRAMEWORK_SEARCH_PATHS = "$(inherited)";
				GCC_PREPROCESSOR_DEFINITIONS = (
					"DEBUG=1",
					"$(inherited)",
				);
				HEADER_SEARCH_PATHS = (
					"$(inherited)",
					/Applications/Xcode.app/Contents/Developer/Toolchains/XcodeDefault.xctoolchain/usr/include,
					"$(PROJECT_DIR)/Tests/libs/gmock/include",
					"$(PROJECT_DIR)/Tests/libs/gmock",
					"$(PROJECT_DIR)/Tests/libs/gtest/include",
					"$(PROJECT_DIR)/Tests/libs/gtest",
				);
				PRODUCT_NAME = "$(TARGET_NAME)";
			};
			name = Debug;
		};
		93B72EF91BC08222001F5870 /* Release */ = {
			isa = XCBuildConfiguration;
			buildSettings = {
				FRAMEWORK_SEARCH_PATHS = "$(inherited)";
				HEADER_SEARCH_PATHS = (
					"$(inherited)",
					/Applications/Xcode.app/Contents/Developer/Toolchains/XcodeDefault.xctoolchain/usr/include,
					"$(PROJECT_DIR)/Tests/libs/gmock/include",
					"$(PROJECT_DIR)/Tests/libs/gmock",
					"$(PROJECT_DIR)/Tests/libs/gtest/include",
					"$(PROJECT_DIR)/Tests/libs/gtest",
				);
				PRODUCT_NAME = "$(TARGET_NAME)";
			};
			name = Release;
		};
/* End XCBuildConfiguration section */

/* Begin XCConfigurationList section */
		93B72EC31BC07E24001F5870 /* Build configuration list for PBXProject "GCPointer" */ = {
			isa = XCConfigurationList;
			buildConfigurations = (
				93B72ECD1BC07E24001F5870 /* Debug */,
				93B72ECE1BC07E24001F5870 /* Release */,
			);
			defaultConfigurationIsVisible = 0;
			defaultConfigurationName = Release;
		};
		93B72ECF1BC07E24001F5870 /* Build configuration list for PBXNativeTarget "GCPointer" */ = {
			isa = XCConfigurationList;
			buildConfigurations = (
				93B72ED01BC07E24001F5870 /* Debug */,
				93B72ED11BC07E24001F5870 /* Release */,
			);
			defaultConfigurationIsVisible = 0;
			defaultConfigurationName = Release;
		};
		93B72EF71BC08222001F5870 /* Build configuration list for PBXNativeTarget "Tests" */ = {
			isa = XCConfigurationList;
			buildConfigurations = (
				93B72EF81BC08222001F5870 /* Debug */,
				93B72EF91BC08222001F5870 /* Release */,
			);
			defaultConfigurationIsVisible = 0;
			defaultConfigurationName = Release;
		};
/* End XCConfigurationList section */
	};
	rootObject = 93B72EC01BC07E24001F5870 /* Project object */;
}
